
Microsoft Visual Studio Solution File, Format Version 12.00
# Visual Studio 15
VisualStudioVersion = 15.0.27703.2000
MinimumVisualStudioVersion = 10.0.40219.1
Project("{2150E333-8FDC-42A3-9474-1A3956D46DE8}") = "MicrosServico", "MicrosServico", "{4EE6F4BB-E558-4124-BD66-AA6B17619EBA}"
EndProject
Project("{2150E333-8FDC-42A3-9474-1A3956D46DE8}") = "Autenticacao", "Autenticacao", "{762FEAAA-6E7D-4FDB-8DE0-DDF810932398}"
EndProject
Project("{FAE04EC0-301F-11D3-BF4B-00C04F79EFBC}") = "MKSistemas.MicrosServico.Autenticacao", "MKSistemas.MicrosServico.Autenticacao\MKSistemas.MicrosServico.Autenticacao.csproj", "{687A74BE-6224-4820-89AC-37A0809A9166}"
EndProject
Global
	GlobalSection(SolutionConfigurationPlatforms) = preSolution
		Debug|Any CPU = Debug|Any CPU
		Release|Any CPU = Release|Any CPU
	EndGlobalSection
	GlobalSection(ProjectConfigurationPlatforms) = postSolution
		{687A74BE-6224-4820-89AC-37A0809A9166}.Debug|Any CPU.ActiveCfg = Debug|Any CPU
		{687A74BE-6224-4820-89AC-37A0809A9166}.Debug|Any CPU.Build.0 = Debug|Any CPU
		{687A74BE-6224-4820-89AC-37A0809A9166}.Release|Any CPU.ActiveCfg = Release|Any CPU
		{687A74BE-6224-4820-89AC-37A0809A9166}.Release|Any CPU.Build.0 = Release|Any CPU
	EndGlobalSection
	GlobalSection(SolutionProperties) = preSolution
		HideSolutionNode = FALSE
	EndGlobalSection
	GlobalSection(NestedProjects) = preSolution
		{762FEAAA-6E7D-4FDB-8DE0-DDF810932398} = {4EE6F4BB-E558-4124-BD66-AA6B17619EBA}
		{687A74BE-6224-4820-89AC-37A0809A9166} = {762FEAAA-6E7D-4FDB-8DE0-DDF810932398}
	EndGlobalSection
	GlobalSection(ExtensibilityGlobals) = postSolution
		SolutionGuid = {CABF41FC-BBE5-4B2B-ABE0-56CCC888CF12}
	EndGlobalSection
EndGlobal
